
Microsoft Visual Studio Solution File, Format Version 12.00
# Visual Studio Version 17
VisualStudioVersion = 17.6.33829.357
MinimumVisualStudioVersion = 10.0.40219.1
Project("{2150E333-8FDC-42A3-9474-1A3956D46DE8}") = "src", "src", "{99AB3F95-5422-40E2-8127-1FC1B759B1B4}"
EndProject
Project("{2150E333-8FDC-42A3-9474-1A3956D46DE8}") = "Core", "Core", "{004134DE-68E8-49DF-8DA9-A172DD696040}"
EndProject
Project("{2150E333-8FDC-42A3-9474-1A3956D46DE8}") = "Infrastructure", "Infrastructure", "{7FF00739-65E2-410A-857B-F0F08D50EFDE}"
EndProject
Project("{2150E333-8FDC-42A3-9474-1A3956D46DE8}") = "Presentation", "Presentation", "{DBBD576E-BBE0-4D34-983A-79196F3F3B0C}"
EndProject
Project("{9A19103F-16F7-4668-BE54-9A1E7A4F7556}") = "InvoiceManagementSystem.Application", "Core\InvoiceManagementSystem.Application\InvoiceManagementSystem.Application.csproj", "{559127DF-1B29-42ED-B855-17C93EEB0A99}"
EndProject
Project("{9A19103F-16F7-4668-BE54-9A1E7A4F7556}") = "InvoiceManagementSystem.Domain", "Core\InvoiceManagementSystem.Domain\InvoiceManagementSystem.Domain.csproj", "{268AE263-3F2B-4778-BDC7-29AA72F915A7}"
EndProject
Project("{9A19103F-16F7-4668-BE54-9A1E7A4F7556}") = "InvoiceManagementSystem.Infrastructure", "Infrastructure\InvoiceManagementSystem.Infrastructure\InvoiceManagementSystem.Infrastructure.csproj", "{5F92C5C0-0A69-40AA-B702-562D33BFCF3B}"
EndProject
Project("{9A19103F-16F7-4668-BE54-9A1E7A4F7556}") = "InvoiceManagementSystem.Persistence", "Infrastructure\InvoiceManagementSystem.Persistence\InvoiceManagementSystem.Persistence.csproj", "{CCA6E440-D772-413C-80A6-7C6A46976A4F}"
EndProject
Project("{9A19103F-16F7-4668-BE54-9A1E7A4F7556}") = "InvoiceManagementSystem.API", "Presentation\InvoiceManagementSystem.API\InvoiceManagementSystem.API.csproj", "{C02CCFC8-1252-4A1F-B720-0BF7DB066650}"
EndProject
Global
	GlobalSection(SolutionConfigurationPlatforms) = preSolution
		Debug|Any CPU = Debug|Any CPU
		Release|Any CPU = Release|Any CPU
	EndGlobalSection
	GlobalSection(ProjectConfigurationPlatforms) = postSolution
		{559127DF-1B29-42ED-B855-17C93EEB0A99}.Debug|Any CPU.ActiveCfg = Debug|Any CPU
		{559127DF-1B29-42ED-B855-17C93EEB0A99}.Debug|Any CPU.Build.0 = Debug|Any CPU
		{559127DF-1B29-42ED-B855-17C93EEB0A99}.Release|Any CPU.ActiveCfg = Release|Any CPU
		{559127DF-1B29-42ED-B855-17C93EEB0A99}.Release|Any CPU.Build.0 = Release|Any CPU
		{268AE263-3F2B-4778-BDC7-29AA72F915A7}.Debug|Any CPU.ActiveCfg = Debug|Any CPU
		{268AE263-3F2B-4778-BDC7-29AA72F915A7}.Debug|Any CPU.Build.0 = Debug|Any CPU
		{268AE263-3F2B-4778-BDC7-29AA72F915A7}.Release|Any CPU.ActiveCfg = Release|Any CPU
		{268AE263-3F2B-4778-BDC7-29AA72F915A7}.Release|Any CPU.Build.0 = Release|Any CPU
		{5F92C5C0-0A69-40AA-B702-562D33BFCF3B}.Debug|Any CPU.ActiveCfg = Debug|Any CPU
		{5F92C5C0-0A69-40AA-B702-562D33BFCF3B}.Debug|Any CPU.Build.0 = Debug|Any CPU
		{5F92C5C0-0A69-40AA-B702-562D33BFCF3B}.Release|Any CPU.ActiveCfg = Release|Any CPU
		{5F92C5C0-0A69-40AA-B702-562D33BFCF3B}.Release|Any CPU.Build.0 = Release|Any CPU
		{CCA6E440-D772-413C-80A6-7C6A46976A4F}.Debug|Any CPU.ActiveCfg = Debug|Any CPU
		{CCA6E440-D772-413C-80A6-7C6A46976A4F}.Debug|Any CPU.Build.0 = Debug|Any CPU
		{CCA6E440-D772-413C-80A6-7C6A46976A4F}.Release|Any CPU.ActiveCfg = Release|Any CPU
		{CCA6E440-D772-413C-80A6-7C6A46976A4F}.Release|Any CPU.Build.0 = Release|Any CPU
		{C02CCFC8-1252-4A1F-B720-0BF7DB066650}.Debug|Any CPU.ActiveCfg = Debug|Any CPU
		{C02CCFC8-1252-4A1F-B720-0BF7DB066650}.Debug|Any CPU.Build.0 = Debug|Any CPU
		{C02CCFC8-1252-4A1F-B720-0BF7DB066650}.Release|Any CPU.ActiveCfg = Release|Any CPU
		{C02CCFC8-1252-4A1F-B720-0BF7DB066650}.Release|Any CPU.Build.0 = Release|Any CPU
	EndGlobalSection
	GlobalSection(SolutionProperties) = preSolution
		HideSolutionNode = FALSE
	EndGlobalSection
	GlobalSection(NestedProjects) = preSolution
		{004134DE-68E8-49DF-8DA9-A172DD696040} = {99AB3F95-5422-40E2-8127-1FC1B759B1B4}
		{7FF00739-65E2-410A-857B-F0F08D50EFDE} = {99AB3F95-5422-40E2-8127-1FC1B759B1B4}
		{DBBD576E-BBE0-4D34-983A-79196F3F3B0C} = {99AB3F95-5422-40E2-8127-1FC1B759B1B4}
		{559127DF-1B29-42ED-B855-17C93EEB0A99} = {004134DE-68E8-49DF-8DA9-A172DD696040}
		{268AE263-3F2B-4778-BDC7-29AA72F915A7} = {004134DE-68E8-49DF-8DA9-A172DD696040}
		{5F92C5C0-0A69-40AA-B702-562D33BFCF3B} = {7FF00739-65E2-410A-857B-F0F08D50EFDE}
		{CCA6E440-D772-413C-80A6-7C6A46976A4F} = {7FF00739-65E2-410A-857B-F0F08D50EFDE}
		{C02CCFC8-1252-4A1F-B720-0BF7DB066650} = {DBBD576E-BBE0-4D34-983A-79196F3F3B0C}
	EndGlobalSection
	GlobalSection(ExtensibilityGlobals) = postSolution
		SolutionGuid = {D40C7410-1FFF-43AB-8A44-6ED5159AD3F4}
	EndGlobalSection
EndGlobal
